// !$*UTF8*$!
{
	archiveVersion = 1;
	classes = {
	};
	objectVersion = 46;
	objects = {

/* Begin PBXBuildFile section */
		4ED8799F36E6017ED379AE99 /* libPods-StopIt.a in Frameworks */ = {isa = PBXBuildFile; fileRef = 6C3E00F2C8C0B8D8368AB267 /* libPods-StopIt.a */; };
		6A023DFE1C39A12200318CA2 /* libz.dylib in Frameworks */ = {isa = PBXBuildFile; fileRef = 6A023DFD1C39A12200318CA2 /* libz.dylib */; };
		6A023E021C39A13100318CA2 /* libsqlite3.0.dylib in Frameworks */ = {isa = PBXBuildFile; fileRef = 6A023E011C39A13100318CA2 /* libsqlite3.0.dylib */; };
		6A22D0821C4437F800749A1F /* sharingStopme.png in Resources */ = {isa = PBXBuildFile; fileRef = 6A22D0811C4437F800749A1F /* sharingStopme.png */; };
		6A37609D1C39B1E800466433 /* SystemConfiguration.framework in Frameworks */ = {isa = PBXBuildFile; fileRef = 6A37609C1C39B1E800466433 /* SystemConfiguration.framework */; };
		6A37609F1C39B1F700466433 /* CoreData.framework in Frameworks */ = {isa = PBXBuildFile; fileRef = 6A37609E1C39B1F700466433 /* CoreData.framework */; };
		6A3760A11C39B20A00466433 /* libGoogleAnalyticsServices.a in Frameworks */ = {isa = PBXBuildFile; fileRef = 6A3760A01C39B20A00466433 /* libGoogleAnalyticsServices.a */; };
		6A686C841AEE50B200181E1C /* TimerLabel.m in Sources */ = {isa = PBXBuildFile; fileRef = 6A686C831AEE50B200181E1C /* TimerLabel.m */; };
		6A8699E61AE7BC2F000BA3ED /* main.m in Sources */ = {isa = PBXBuildFile; fileRef = 6A8699E51AE7BC2F000BA3ED /* main.m */; };
		6A8699E91AE7BC2F000BA3ED /* AppDelegate.m in Sources */ = {isa = PBXBuildFile; fileRef = 6A8699E81AE7BC2F000BA3ED /* AppDelegate.m */; };
		6A8699EC1AE7BC2F000BA3ED /* StopMeViewController.m in Sources */ = {isa = PBXBuildFile; fileRef = 6A8699EB1AE7BC2F000BA3ED /* StopMeViewController.m */; };
		6A8699EF1AE7BC2F000BA3ED /* Main.storyboard in Resources */ = {isa = PBXBuildFile; fileRef = 6A8699ED1AE7BC2F000BA3ED /* Main.storyboard */; };
		6A8699F11AE7BC2F000BA3ED /* Images.xcassets in Resources */ = {isa = PBXBuildFile; fileRef = 6A8699F01AE7BC2F000BA3ED /* Images.xcassets */; };
		6A8699F41AE7BC2F000BA3ED /* LaunchScreen.xib in Resources */ = {isa = PBXBuildFile; fileRef = 6A8699F21AE7BC2F000BA3ED /* LaunchScreen.xib */; };
		6A869A001AE7BC2F000BA3ED /* StopItTests.m in Sources */ = {isa = PBXBuildFile; fileRef = 6A8699FF1AE7BC2F000BA3ED /* StopItTests.m */; };
		6A9014511B0D020E00BCFD8C /* APLPositionToBoundsMapping.m in Sources */ = {isa = PBXBuildFile; fileRef = 6A90144F1B0D020E00BCFD8C /* APLPositionToBoundsMapping.m */; };
		6A92CA3A1BF77F0A00C8E4E2 /* LevelSelectionViewController.m in Sources */ = {isa = PBXBuildFile; fileRef = 6A92CA391BF77F0A00C8E4E2 /* LevelSelectionViewController.m */; };
		6A98215F1BFCD72D009C434A /* icn_lock.png in Resources */ = {isa = PBXBuildFile; fileRef = 6A98215D1BFCD72D009C434A /* icn_lock.png */; };
		6A9821601BFCD72D009C434A /* lock.png in Resources */ = {isa = PBXBuildFile; fileRef = 6A98215E1BFCD72D009C434A /* lock.png */; };
		6AAF5BC11AFBA4B3007D458B /* SnowFallView.m in Sources */ = {isa = PBXBuildFile; fileRef = 6AAF5BC01AFBA4B3007D458B /* SnowFallView.m */; };
		6AAF5BC51AFBA60B007D458B /* snowflake.png in Resources */ = {isa = PBXBuildFile; fileRef = 6AAF5BC41AFBA60B007D458B /* snowflake.png */; };
		6AB74BE91AFF380E00570908 /* RatingControl.m in Sources */ = {isa = PBXBuildFile; fileRef = 6AB74BE71AFF380E00570908 /* RatingControl.m */; };
		6AB74C0A1AFF48BB00570908 /* 0.png in Resources */ = {isa = PBXBuildFile; fileRef = 6AB74C041AFF48BB00570908 /* 0.png */; };
		6AB74C0B1AFF48BB00570908 /* 1.png in Resources */ = {isa = PBXBuildFile; fileRef = 6AB74C051AFF48BB00570908 /* 1.png */; };
		6AB74C0C1AFF48BB00570908 /* 2.png in Resources */ = {isa = PBXBuildFile; fileRef = 6AB74C061AFF48BB00570908 /* 2.png */; };
		6AB74C0D1AFF48BB00570908 /* 3.png in Resources */ = {isa = PBXBuildFile; fileRef = 6AB74C071AFF48BB00570908 /* 3.png */; };
		6AB74C0E1AFF48BB00570908 /* 4.png in Resources */ = {isa = PBXBuildFile; fileRef = 6AB74C081AFF48BB00570908 /* 4.png */; };
		6AB74C0F1AFF48BB00570908 /* 5.png in Resources */ = {isa = PBXBuildFile; fileRef = 6AB74C091AFF48BB00570908 /* 5.png */; };
/* End PBXBuildFile section */

/* Begin PBXContainerItemProxy section */
		6A8699FA1AE7BC2F000BA3ED /* PBXContainerItemProxy */ = {
			isa = PBXContainerItemProxy;
			containerPortal = 6A8699D81AE7BC2F000BA3ED /* Project object */;
			proxyType = 1;
			remoteGlobalIDString = 6A8699DF1AE7BC2F000BA3ED;
			remoteInfo = StopIt;
		};
/* End PBXContainerItemProxy section */

/* Begin PBXFileReference section */
		034269C634FEC8F2B9802FA4 /* Pods-StopIt.debug.xcconfig */ = {isa = PBXFileReference; includeInIndex = 1; lastKnownFileType = text.xcconfig; name = "Pods-StopIt.debug.xcconfig"; path = "Pods/Target Support Files/Pods-StopIt/Pods-StopIt.debug.xcconfig"; sourceTree = "<group>"; };
		603A13EC7D38ECE79A04D5E8 /* Pods-StopIt.release.xcconfig */ = {isa = PBXFileReference; includeInIndex = 1; lastKnownFileType = text.xcconfig; name = "Pods-StopIt.release.xcconfig"; path = "Pods/Target Support Files/Pods-StopIt/Pods-StopIt.release.xcconfig"; sourceTree = "<group>"; };
		6A023DFD1C39A12200318CA2 /* libz.dylib */ = {isa = PBXFileReference; lastKnownFileType = "compiled.mach-o.dylib"; name = libz.dylib; path = usr/lib/libz.dylib; sourceTree = SDKROOT; };
		6A023DFF1C39A12A00318CA2 /* AdSupport.framework */ = {isa = PBXFileReference; lastKnownFileType = wrapper.framework; name = AdSupport.framework; path = System/Library/Frameworks/AdSupport.framework; sourceTree = SDKROOT; };
		6A023E011C39A13100318CA2 /* libsqlite3.0.dylib */ = {isa = PBXFileReference; lastKnownFileType = "compiled.mach-o.dylib"; name = libsqlite3.0.dylib; path = usr/lib/libsqlite3.0.dylib; sourceTree = SDKROOT; };
		6A22D0811C4437F800749A1F /* sharingStopme.png */ = {isa = PBXFileReference; lastKnownFileType = image.png; path = sharingStopme.png; sourceTree = "<group>"; };
		6A3760921C39B1C900466433 /* GAI.h */ = {isa = PBXFileReference; fileEncoding = 4; lastKnownFileType = sourcecode.c.h; name = GAI.h; path = GoogleAnalytics/Library/GAI.h; sourceTree = SOURCE_ROOT; };
		6A3760931C39B1C900466433 /* GAIDictionaryBuilder.h */ = {isa = PBXFileReference; fileEncoding = 4; lastKnownFileType = sourcecode.c.h; name = GAIDictionaryBuilder.h; path = GoogleAnalytics/Library/GAIDictionaryBuilder.h; sourceTree = SOURCE_ROOT; };
		6A3760941C39B1C900466433 /* GAIEcommerceFields.h */ = {isa = PBXFileReference; fileEncoding = 4; lastKnownFileType = sourcecode.c.h; name = GAIEcommerceFields.h; path = GoogleAnalytics/Library/GAIEcommerceFields.h; sourceTree = SOURCE_ROOT; };
		6A3760951C39B1C900466433 /* GAIEcommerceProduct.h */ = {isa = PBXFileReference; fileEncoding = 4; lastKnownFileType = sourcecode.c.h; name = GAIEcommerceProduct.h; path = GoogleAnalytics/Library/GAIEcommerceProduct.h; sourceTree = SOURCE_ROOT; };
		6A3760961C39B1C900466433 /* GAIEcommerceProductAction.h */ = {isa = PBXFileReference; fileEncoding = 4; lastKnownFileType = sourcecode.c.h; name = GAIEcommerceProductAction.h; path = GoogleAnalytics/Library/GAIEcommerceProductAction.h; sourceTree = SOURCE_ROOT; };
		6A3760971C39B1C900466433 /* GAIEcommercePromotion.h */ = {isa = PBXFileReference; fileEncoding = 4; lastKnownFileType = sourcecode.c.h; name = GAIEcommercePromotion.h; path = GoogleAnalytics/Library/GAIEcommercePromotion.h; sourceTree = SOURCE_ROOT; };
		6A3760981C39B1C900466433 /* GAIFields.h */ = {isa = PBXFileReference; fileEncoding = 4; lastKnownFileType = sourcecode.c.h; name = GAIFields.h; path = GoogleAnalytics/Library/GAIFields.h; sourceTree = SOURCE_ROOT; };
		6A3760991C39B1C900466433 /* GAILogger.h */ = {isa = PBXFileReference; fileEncoding = 4; lastKnownFileType = sourcecode.c.h; name = GAILogger.h; path = GoogleAnalytics/Library/GAILogger.h; sourceTree = SOURCE_ROOT; };
		6A37609A1C39B1C900466433 /* GAITrackedViewController.h */ = {isa = PBXFileReference; fileEncoding = 4; lastKnownFileType = sourcecode.c.h; name = GAITrackedViewController.h; path = GoogleAnalytics/Library/GAITrackedViewController.h; sourceTree = SOURCE_ROOT; };
		6A37609B1C39B1C900466433 /* GAITracker.h */ = {isa = PBXFileReference; fileEncoding = 4; lastKnownFileType = sourcecode.c.h; name = GAITracker.h; path = GoogleAnalytics/Library/GAITracker.h; sourceTree = SOURCE_ROOT; };
		6A37609C1C39B1E800466433 /* SystemConfiguration.framework */ = {isa = PBXFileReference; lastKnownFileType = wrapper.framework; name = SystemConfiguration.framework; path = System/Library/Frameworks/SystemConfiguration.framework; sourceTree = SDKROOT; };
		6A37609E1C39B1F700466433 /* CoreData.framework */ = {isa = PBXFileReference; lastKnownFileType = wrapper.framework; name = CoreData.framework; path = System/Library/Frameworks/CoreData.framework; sourceTree = SDKROOT; };
		6A3760A01C39B20A00466433 /* libGoogleAnalyticsServices.a */ = {isa = PBXFileReference; lastKnownFileType = archive.ar; name = libGoogleAnalyticsServices.a; path = GoogleAnalytics/libGoogleAnalyticsServices.a; sourceTree = "<group>"; };
		6A5045711BFDBE7C0002BBE9 /* AppMacros.h */ = {isa = PBXFileReference; fileEncoding = 4; lastKnownFileType = sourcecode.c.h; path = AppMacros.h; sourceTree = "<group>"; };
		6A686C821AEE50B200181E1C /* TimerLabel.h */ = {isa = PBXFileReference; fileEncoding = 4; lastKnownFileType = sourcecode.c.h; path = TimerLabel.h; sourceTree = "<group>"; };
		6A686C831AEE50B200181E1C /* TimerLabel.m */ = {isa = PBXFileReference; fileEncoding = 4; lastKnownFileType = sourcecode.c.objc; path = TimerLabel.m; sourceTree = "<group>"; };
		6A8699E01AE7BC2F000BA3ED /* StopIt.app */ = {isa = PBXFileReference; explicitFileType = wrapper.application; includeInIndex = 0; path = StopIt.app; sourceTree = BUILT_PRODUCTS_DIR; };
		6A8699E41AE7BC2F000BA3ED /* Info.plist */ = {isa = PBXFileReference; lastKnownFileType = text.plist.xml; path = Info.plist; sourceTree = "<group>"; };
		6A8699E51AE7BC2F000BA3ED /* main.m */ = {isa = PBXFileReference; lastKnownFileType = sourcecode.c.objc; path = main.m; sourceTree = "<group>"; };
		6A8699E71AE7BC2F000BA3ED /* AppDelegate.h */ = {isa = PBXFileReference; lastKnownFileType = sourcecode.c.h; path = AppDelegate.h; sourceTree = "<group>"; };
		6A8699E81AE7BC2F000BA3ED /* AppDelegate.m */ = {isa = PBXFileReference; lastKnownFileType = sourcecode.c.objc; path = AppDelegate.m; sourceTree = "<group>"; };
		6A8699EA1AE7BC2F000BA3ED /* StopMeViewController.h */ = {isa = PBXFileReference; lastKnownFileType = sourcecode.c.h; path = StopMeViewController.h; sourceTree = "<group>"; };
		6A8699EB1AE7BC2F000BA3ED /* StopMeViewController.m */ = {isa = PBXFileReference; lastKnownFileType = sourcecode.c.objc; path = StopMeViewController.m; sourceTree = "<group>"; };
		6A8699EE1AE7BC2F000BA3ED /* Base */ = {isa = PBXFileReference; lastKnownFileType = file.storyboard; name = Base; path = Base.lproj/Main.storyboard; sourceTree = "<group>"; };
		6A8699F01AE7BC2F000BA3ED /* Images.xcassets */ = {isa = PBXFileReference; lastKnownFileType = folder.assetcatalog; path = Images.xcassets; sourceTree = "<group>"; };
		6A8699F31AE7BC2F000BA3ED /* Base */ = {isa = PBXFileReference; lastKnownFileType = file.xib; name = Base; path = Base.lproj/LaunchScreen.xib; sourceTree = "<group>"; };
		6A8699F91AE7BC2F000BA3ED /* StopItTests.xctest */ = {isa = PBXFileReference; explicitFileType = wrapper.cfbundle; includeInIndex = 0; path = StopItTests.xctest; sourceTree = BUILT_PRODUCTS_DIR; };
		6A8699FE1AE7BC2F000BA3ED /* Info.plist */ = {isa = PBXFileReference; lastKnownFileType = text.plist.xml; path = Info.plist; sourceTree = "<group>"; };
		6A8699FF1AE7BC2F000BA3ED /* StopItTests.m */ = {isa = PBXFileReference; lastKnownFileType = sourcecode.c.objc; path = StopItTests.m; sourceTree = "<group>"; };
		6A90144F1B0D020E00BCFD8C /* APLPositionToBoundsMapping.m */ = {isa = PBXFileReference; fileEncoding = 4; lastKnownFileType = sourcecode.c.objc; path = APLPositionToBoundsMapping.m; sourceTree = "<group>"; };
		6A9014501B0D020E00BCFD8C /* APLPositionToBoundsMapping.h */ = {isa = PBXFileReference; fileEncoding = 4; lastKnownFileType = sourcecode.c.h; path = APLPositionToBoundsMapping.h; sourceTree = "<group>"; };
		6A92CA381BF77F0A00C8E4E2 /* LevelSelectionViewController.h */ = {isa = PBXFileReference; fileEncoding = 4; lastKnownFileType = sourcecode.c.h; path = LevelSelectionViewController.h; sourceTree = "<group>"; };
		6A92CA391BF77F0A00C8E4E2 /* LevelSelectionViewController.m */ = {isa = PBXFileReference; fileEncoding = 4; lastKnownFileType = sourcecode.c.objc; path = LevelSelectionViewController.m; sourceTree = "<group>"; };
		6A98215D1BFCD72D009C434A /* icn_lock.png */ = {isa = PBXFileReference; lastKnownFileType = image.png; path = icn_lock.png; sourceTree = "<group>"; };
		6A98215E1BFCD72D009C434A /* lock.png */ = {isa = PBXFileReference; lastKnownFileType = image.png; path = lock.png; sourceTree = "<group>"; };
		6AAF5BBF1AFBA4B3007D458B /* SnowFallView.h */ = {isa = PBXFileReference; fileEncoding = 4; lastKnownFileType = sourcecode.c.h; path = SnowFallView.h; sourceTree = "<group>"; };
		6AAF5BC01AFBA4B3007D458B /* SnowFallView.m */ = {isa = PBXFileReference; fileEncoding = 4; lastKnownFileType = sourcecode.c.objc; path = SnowFallView.m; sourceTree = "<group>"; };
		6AAF5BC41AFBA60B007D458B /* snowflake.png */ = {isa = PBXFileReference; lastKnownFileType = image.png; path = snowflake.png; sourceTree = "<group>"; };
		6AB74BE71AFF380E00570908 /* RatingControl.m */ = {isa = PBXFileReference; fileEncoding = 4; lastKnownFileType = sourcecode.c.objc; path = RatingControl.m; sourceTree = "<group>"; };
		6AB74BE81AFF380E00570908 /* RatingControl.h */ = {isa = PBXFileReference; fileEncoding = 4; lastKnownFileType = sourcecode.c.h; path = RatingControl.h; sourceTree = "<group>"; };
		6AB74C041AFF48BB00570908 /* 0.png */ = {isa = PBXFileReference; lastKnownFileType = image.png; path = 0.png; sourceTree = "<group>"; };
		6AB74C051AFF48BB00570908 /* 1.png */ = {isa = PBXFileReference; lastKnownFileType = image.png; path = 1.png; sourceTree = "<group>"; };
		6AB74C061AFF48BB00570908 /* 2.png */ = {isa = PBXFileReference; lastKnownFileType = image.png; path = 2.png; sourceTree = "<group>"; };
		6AB74C071AFF48BB00570908 /* 3.png */ = {isa = PBXFileReference; lastKnownFileType = image.png; path = 3.png; sourceTree = "<group>"; };
		6AB74C081AFF48BB00570908 /* 4.png */ = {isa = PBXFileReference; lastKnownFileType = image.png; path = 4.png; sourceTree = "<group>"; };
		6AB74C091AFF48BB00570908 /* 5.png */ = {isa = PBXFileReference; lastKnownFileType = image.png; path = 5.png; sourceTree = "<group>"; };
		6C3E00F2C8C0B8D8368AB267 /* libPods-StopIt.a */ = {isa = PBXFileReference; explicitFileType = archive.ar; includeInIndex = 0; path = "libPods-StopIt.a"; sourceTree = BUILT_PRODUCTS_DIR; };
/* End PBXFileReference section */

/* Begin PBXFrameworksBuildPhase section */
		6A8699DD1AE7BC2F000BA3ED /* Frameworks */ = {
			isa = PBXFrameworksBuildPhase;
			buildActionMask = 2147483647;
			files = (
				6A3760A11C39B20A00466433 /* libGoogleAnalyticsServices.a in Frameworks */,
				6A37609F1C39B1F700466433 /* CoreData.framework in Frameworks */,
				6A37609D1C39B1E800466433 /* SystemConfiguration.framework in Frameworks */,
				6A023E021C39A13100318CA2 /* libsqlite3.0.dylib in Frameworks */,
				6A023DFE1C39A12200318CA2 /* libz.dylib in Frameworks */,
				4ED8799F36E6017ED379AE99 /* libPods-StopIt.a in Frameworks */,
			);
			runOnlyForDeploymentPostprocessing = 0;
		};
		6A8699F61AE7BC2F000BA3ED /* Frameworks */ = {
			isa = PBXFrameworksBuildPhase;
			buildActionMask = 2147483647;
			files = (
			);
			runOnlyForDeploymentPostprocessing = 0;
		};
/* End PBXFrameworksBuildPhase section */

/* Begin PBXGroup section */
		0EE67C7FD81C6F1C790131C4 /* Pods */ = {
			isa = PBXGroup;
			children = (
				034269C634FEC8F2B9802FA4 /* Pods-StopIt.debug.xcconfig */,
				603A13EC7D38ECE79A04D5E8 /* Pods-StopIt.release.xcconfig */,
			);
			name = Pods;
			sourceTree = "<group>";
		};
		32C1D028956D9E77CAB3D038 /* Frameworks */ = {
			isa = PBXGroup;
			children = (
				6A3760A01C39B20A00466433 /* libGoogleAnalyticsServices.a */,
				6A37609E1C39B1F700466433 /* CoreData.framework */,
				6A37609C1C39B1E800466433 /* SystemConfiguration.framework */,
				6A023E011C39A13100318CA2 /* libsqlite3.0.dylib */,
				6A023DFF1C39A12A00318CA2 /* AdSupport.framework */,
				6A023DFD1C39A12200318CA2 /* libz.dylib */,
				6C3E00F2C8C0B8D8368AB267 /* libPods-StopIt.a */,
			);
			name = Frameworks;
			sourceTree = "<group>";
		};
		6A3760911C39B18200466433 /* GoogleAnalytics */ = {
			isa = PBXGroup;
			children = (
				6A3760921C39B1C900466433 /* GAI.h */,
				6A3760931C39B1C900466433 /* GAIDictionaryBuilder.h */,
				6A3760941C39B1C900466433 /* GAIEcommerceFields.h */,
				6A3760951C39B1C900466433 /* GAIEcommerceProduct.h */,
				6A3760961C39B1C900466433 /* GAIEcommerceProductAction.h */,
				6A3760971C39B1C900466433 /* GAIEcommercePromotion.h */,
				6A3760981C39B1C900466433 /* GAIFields.h */,
				6A3760991C39B1C900466433 /* GAILogger.h */,
				6A37609A1C39B1C900466433 /* GAITrackedViewController.h */,
				6A37609B1C39B1C900466433 /* GAITracker.h */,
			);
			name = GoogleAnalytics;
			sourceTree = "<group>";
		};
		6A8699D71AE7BC2F000BA3ED = {
			isa = PBXGroup;
			children = (
				6A8699E21AE7BC2F000BA3ED /* StopIt */,
				6A8699FC1AE7BC2F000BA3ED /* StopItTests */,
				6A8699E11AE7BC2F000BA3ED /* Products */,
				0EE67C7FD81C6F1C790131C4 /* Pods */,
				32C1D028956D9E77CAB3D038 /* Frameworks */,
			);
			sourceTree = "<group>";
		};
		6A8699E11AE7BC2F000BA3ED /* Products */ = {
			isa = PBXGroup;
			children = (
				6A8699E01AE7BC2F000BA3ED /* StopIt.app */,
				6A8699F91AE7BC2F000BA3ED /* StopItTests.xctest */,
			);
			name = Products;
			sourceTree = "<group>";
		};
		6A8699E21AE7BC2F000BA3ED /* StopIt */ = {
			isa = PBXGroup;
			children = (
				6A3760911C39B18200466433 /* GoogleAnalytics */,
				6A92CA371BF77EAE00C8E4E2 /* CustomControls */,
				6AAF5BC31AFBA60B007D458B /* Images */,
				6A8699E71AE7BC2F000BA3ED /* AppDelegate.h */,
				6A8699E81AE7BC2F000BA3ED /* AppDelegate.m */,
				6A8699EA1AE7BC2F000BA3ED /* StopMeViewController.h */,
				6A8699EB1AE7BC2F000BA3ED /* StopMeViewController.m */,
				6A5045711BFDBE7C0002BBE9 /* AppMacros.h */,
				6A8699ED1AE7BC2F000BA3ED /* Main.storyboard */,
				6A8699F01AE7BC2F000BA3ED /* Images.xcassets */,
				6A8699F21AE7BC2F000BA3ED /* LaunchScreen.xib */,
				6A8699E31AE7BC2F000BA3ED /* Supporting Files */,
				6A92CA381BF77F0A00C8E4E2 /* LevelSelectionViewController.h */,
				6A92CA391BF77F0A00C8E4E2 /* LevelSelectionViewController.m */,
			);
			path = StopIt;
			sourceTree = "<group>";
		};
		6A8699E31AE7BC2F000BA3ED /* Supporting Files */ = {
			isa = PBXGroup;
			children = (
				6A8699E41AE7BC2F000BA3ED /* Info.plist */,
				6A8699E51AE7BC2F000BA3ED /* main.m */,
			);
			name = "Supporting Files";
			sourceTree = "<group>";
		};
		6A8699FC1AE7BC2F000BA3ED /* StopItTests */ = {
			isa = PBXGroup;
			children = (
				6A8699FF1AE7BC2F000BA3ED /* StopItTests.m */,
				6A8699FD1AE7BC2F000BA3ED /* Supporting Files */,
			);
			path = StopItTests;
			sourceTree = "<group>";
		};
		6A8699FD1AE7BC2F000BA3ED /* Supporting Files */ = {
			isa = PBXGroup;
			children = (
				6A8699FE1AE7BC2F000BA3ED /* Info.plist */,
			);
			name = "Supporting Files";
			sourceTree = "<group>";
		};
		6A92CA371BF77EAE00C8E4E2 /* CustomControls */ = {
			isa = PBXGroup;
			children = (
				6A90144F1B0D020E00BCFD8C /* APLPositionToBoundsMapping.m */,
				6A9014501B0D020E00BCFD8C /* APLPositionToBoundsMapping.h */,
				6AB74BE71AFF380E00570908 /* RatingControl.m */,
				6AB74BE81AFF380E00570908 /* RatingControl.h */,
				6AAF5BBF1AFBA4B3007D458B /* SnowFallView.h */,
				6AAF5BC01AFBA4B3007D458B /* SnowFallView.m */,
				6A686C821AEE50B200181E1C /* TimerLabel.h */,
				6A686C831AEE50B200181E1C /* TimerLabel.m */,
			);
			name = CustomControls;
			sourceTree = "<group>";
		};
		6AAF5BC31AFBA60B007D458B /* Images */ = {
			isa = PBXGroup;
			children = (
				6A22D0811C4437F800749A1F /* sharingStopme.png */,
				6A98215D1BFCD72D009C434A /* icn_lock.png */,
				6A98215E1BFCD72D009C434A /* lock.png */,
				6AB74C041AFF48BB00570908 /* 0.png */,
				6AB74C051AFF48BB00570908 /* 1.png */,
				6AB74C061AFF48BB00570908 /* 2.png */,
				6AB74C071AFF48BB00570908 /* 3.png */,
				6AB74C081AFF48BB00570908 /* 4.png */,
				6AB74C091AFF48BB00570908 /* 5.png */,
				6AAF5BC41AFBA60B007D458B /* snowflake.png */,
			);
			path = Images;
			sourceTree = "<group>";
		};
/* End PBXGroup section */

/* Begin PBXNativeTarget section */
		6A8699DF1AE7BC2F000BA3ED /* StopIt */ = {
			isa = PBXNativeTarget;
			buildConfigurationList = 6A869A031AE7BC2F000BA3ED /* Build configuration list for PBXNativeTarget "StopIt" */;
			buildPhases = (
				407C8E16271BBD6EC097EBD3 /* Check Pods Manifest.lock */,
				6A8699DC1AE7BC2F000BA3ED /* Sources */,
				6A8699DD1AE7BC2F000BA3ED /* Frameworks */,
				6A8699DE1AE7BC2F000BA3ED /* Resources */,
				82AA9177500C13636E719EDF /* Copy Pods Resources */,
				A9A0EF562E8040BA089DC1BF /* Embed Pods Frameworks */,
			);
			buildRules = (
			);
			dependencies = (
			);
			name = StopIt;
			productName = StopIt;
			productReference = 6A8699E01AE7BC2F000BA3ED /* StopIt.app */;
			productType = "com.apple.product-type.application";
		};
		6A8699F81AE7BC2F000BA3ED /* StopItTests */ = {
			isa = PBXNativeTarget;
			buildConfigurationList = 6A869A061AE7BC2F000BA3ED /* Build configuration list for PBXNativeTarget "StopItTests" */;
			buildPhases = (
				6A8699F51AE7BC2F000BA3ED /* Sources */,
				6A8699F61AE7BC2F000BA3ED /* Frameworks */,
				6A8699F71AE7BC2F000BA3ED /* Resources */,
			);
			buildRules = (
			);
			dependencies = (
				6A8699FB1AE7BC2F000BA3ED /* PBXTargetDependency */,
			);
			name = StopItTests;
			productName = StopItTests;
			productReference = 6A8699F91AE7BC2F000BA3ED /* StopItTests.xctest */;
			productType = "com.apple.product-type.bundle.unit-test";
		};
/* End PBXNativeTarget section */

/* Begin PBXProject section */
		6A8699D81AE7BC2F000BA3ED /* Project object */ = {
			isa = PBXProject;
			attributes = {
				LastUpgradeCheck = 0610;
				ORGANIZATIONNAME = msf;
				TargetAttributes = {
					6A8699DF1AE7BC2F000BA3ED = {
						CreatedOnToolsVersion = 6.1.1;
						DevelopmentTeam = 5CNN55283J;
					};
					6A8699F81AE7BC2F000BA3ED = {
						CreatedOnToolsVersion = 6.1.1;
						TestTargetID = 6A8699DF1AE7BC2F000BA3ED;
					};
				};
			};
			buildConfigurationList = 6A8699DB1AE7BC2F000BA3ED /* Build configuration list for PBXProject "StopIt" */;
			compatibilityVersion = "Xcode 3.2";
			developmentRegion = English;
			hasScannedForEncodings = 0;
			knownRegions = (
				en,
				Base,
			);
			mainGroup = 6A8699D71AE7BC2F000BA3ED;
			productRefGroup = 6A8699E11AE7BC2F000BA3ED /* Products */;
			projectDirPath = "";
			projectRoot = "";
			targets = (
				6A8699DF1AE7BC2F000BA3ED /* StopIt */,
				6A8699F81AE7BC2F000BA3ED /* StopItTests */,
			);
		};
/* End PBXProject section */

/* Begin PBXResourcesBuildPhase section */
		6A8699DE1AE7BC2F000BA3ED /* Resources */ = {
			isa = PBXResourcesBuildPhase;
			buildActionMask = 2147483647;
			files = (
				6AB74C0C1AFF48BB00570908 /* 2.png in Resources */,
				6A22D0821C4437F800749A1F /* sharingStopme.png in Resources */,
				6AB74C0A1AFF48BB00570908 /* 0.png in Resources */,
				6AB74C0E1AFF48BB00570908 /* 4.png in Resources */,
				6AB74C0D1AFF48BB00570908 /* 3.png in Resources */,
				6A8699EF1AE7BC2F000BA3ED /* Main.storyboard in Resources */,
				6A8699F41AE7BC2F000BA3ED /* LaunchScreen.xib in Resources */,
				6A98215F1BFCD72D009C434A /* icn_lock.png in Resources */,
				6AAF5BC51AFBA60B007D458B /* snowflake.png in Resources */,
				6A9821601BFCD72D009C434A /* lock.png in Resources */,
				6AB74C0B1AFF48BB00570908 /* 1.png in Resources */,
				6AB74C0F1AFF48BB00570908 /* 5.png in Resources */,
				6A8699F11AE7BC2F000BA3ED /* Images.xcassets in Resources */,
			);
			runOnlyForDeploymentPostprocessing = 0;
		};
		6A8699F71AE7BC2F000BA3ED /* Resources */ = {
			isa = PBXResourcesBuildPhase;
			buildActionMask = 2147483647;
			files = (
			);
			runOnlyForDeploymentPostprocessing = 0;
		};
/* End PBXResourcesBuildPhase section */

/* Begin PBXShellScriptBuildPhase section */
		407C8E16271BBD6EC097EBD3 /* Check Pods Manifest.lock */ = {
			isa = PBXShellScriptBuildPhase;
			buildActionMask = 2147483647;
			files = (
			);
			inputPaths = (
			);
			name = "Check Pods Manifest.lock";
			outputPaths = (
			);
			runOnlyForDeploymentPostprocessing = 0;
			shellPath = /bin/sh;
			shellScript = "diff \"${PODS_ROOT}/../Podfile.lock\" \"${PODS_ROOT}/Manifest.lock\" > /dev/null\nif [[ $? != 0 ]] ; then\n    cat << EOM\nerror: The sandbox is not in sync with the Podfile.lock. Run 'pod install' or update your CocoaPods installation.\nEOM\n    exit 1\nfi\n";
			showEnvVarsInLog = 0;
		};
		82AA9177500C13636E719EDF /* Copy Pods Resources */ = {
			isa = PBXShellScriptBuildPhase;
			buildActionMask = 2147483647;
			files = (
			);
			inputPaths = (
			);
			name = "Copy Pods Resources";
			outputPaths = (
			);
			runOnlyForDeploymentPostprocessing = 0;
			shellPath = /bin/sh;
			shellScript = "\"${SRCROOT}/Pods/Target Support Files/Pods-StopIt/Pods-StopIt-resources.sh\"\n";
			showEnvVarsInLog = 0;
		};
		A9A0EF562E8040BA089DC1BF /* Embed Pods Frameworks */ = {
			isa = PBXShellScriptBuildPhase;
			buildActionMask = 2147483647;
			files = (
			);
			inputPaths = (
			);
			name = "Embed Pods Frameworks";
			outputPaths = (
			);
			runOnlyForDeploymentPostprocessing = 0;
			shellPath = /bin/sh;
			shellScript = "\"${SRCROOT}/Pods/Target Support Files/Pods-StopIt/Pods-StopIt-frameworks.sh\"\n";
			showEnvVarsInLog = 0;
		};
/* End PBXShellScriptBuildPhase section */

/* Begin PBXSourcesBuildPhase section */
		6A8699DC1AE7BC2F000BA3ED /* Sources */ = {
			isa = PBXSourcesBuildPhase;
			buildActionMask = 2147483647;
			files = (
				6AB74BE91AFF380E00570908 /* RatingControl.m in Sources */,
				6A686C841AEE50B200181E1C /* TimerLabel.m in Sources */,
				6AAF5BC11AFBA4B3007D458B /* SnowFallView.m in Sources */,
				6A8699EC1AE7BC2F000BA3ED /* StopMeViewController.m in Sources */,
				6A9014511B0D020E00BCFD8C /* APLPositionToBoundsMapping.m in Sources */,
				6A8699E91AE7BC2F000BA3ED /* AppDelegate.m in Sources */,
				6A92CA3A1BF77F0A00C8E4E2 /* LevelSelectionViewController.m in Sources */,
				6A8699E61AE7BC2F000BA3ED /* main.m in Sources */,
			);
			runOnlyForDeploymentPostprocessing = 0;
		};
		6A8699F51AE7BC2F000BA3ED /* Sources */ = {
			isa = PBXSourcesBuildPhase;
			buildActionMask = 2147483647;
			files = (
				6A869A001AE7BC2F000BA3ED /* StopItTests.m in Sources */,
			);
			runOnlyForDeploymentPostprocessing = 0;
		};
/* End PBXSourcesBuildPhase section */

/* Begin PBXTargetDependency section */
		6A8699FB1AE7BC2F000BA3ED /* PBXTargetDependency */ = {
			isa = PBXTargetDependency;
			target = 6A8699DF1AE7BC2F000BA3ED /* StopIt */;
			targetProxy = 6A8699FA1AE7BC2F000BA3ED /* PBXContainerItemProxy */;
		};
/* End PBXTargetDependency section */

/* Begin PBXVariantGroup section */
		6A8699ED1AE7BC2F000BA3ED /* Main.storyboard */ = {
			isa = PBXVariantGroup;
			children = (
				6A8699EE1AE7BC2F000BA3ED /* Base */,
			);
			name = Main.storyboard;
			sourceTree = "<group>";
		};
		6A8699F21AE7BC2F000BA3ED /* LaunchScreen.xib */ = {
			isa = PBXVariantGroup;
			children = (
				6A8699F31AE7BC2F000BA3ED /* Base */,
			);
			name = LaunchScreen.xib;
			sourceTree = "<group>";
		};
/* End PBXVariantGroup section */

/* Begin XCBuildConfiguration section */
		6A869A011AE7BC2F000BA3ED /* Debug */ = {
			isa = XCBuildConfiguration;
			buildSettings = {
				ALWAYS_SEARCH_USER_PATHS = NO;
				CLANG_CXX_LANGUAGE_STANDARD = "gnu++0x";
				CLANG_CXX_LIBRARY = "libc++";
				CLANG_ENABLE_MODULES = YES;
				CLANG_ENABLE_OBJC_ARC = YES;
				CLANG_WARN_BOOL_CONVERSION = YES;
				CLANG_WARN_CONSTANT_CONVERSION = YES;
				CLANG_WARN_DIRECT_OBJC_ISA_USAGE = YES_ERROR;
				CLANG_WARN_EMPTY_BODY = YES;
				CLANG_WARN_ENUM_CONVERSION = YES;
				CLANG_WARN_INT_CONVERSION = YES;
				CLANG_WARN_OBJC_ROOT_CLASS = YES_ERROR;
				CLANG_WARN_UNREACHABLE_CODE = YES;
				CLANG_WARN__DUPLICATE_METHOD_MATCH = YES;
				"CODE_SIGN_IDENTITY[sdk=iphoneos*]" = "iPhone Developer";
				COPY_PHASE_STRIP = NO;
				ENABLE_STRICT_OBJC_MSGSEND = YES;
				GCC_C_LANGUAGE_STANDARD = gnu99;
				GCC_DYNAMIC_NO_PIC = NO;
				GCC_OPTIMIZATION_LEVEL = 0;
				GCC_PREPROCESSOR_DEFINITIONS = (
					"DEBUG=1",
					"$(inherited)",
				);
				GCC_SYMBOLS_PRIVATE_EXTERN = NO;
				GCC_WARN_64_TO_32_BIT_CONVERSION = YES;
				GCC_WARN_ABOUT_RETURN_TYPE = YES_ERROR;
				GCC_WARN_UNDECLARED_SELECTOR = YES;
				GCC_WARN_UNINITIALIZED_AUTOS = YES_AGGRESSIVE;
				GCC_WARN_UNUSED_FUNCTION = YES;
				GCC_WARN_UNUSED_VARIABLE = YES;
				IPHONEOS_DEPLOYMENT_TARGET = 8.1;
				MTL_ENABLE_DEBUG_INFO = YES;
				ONLY_ACTIVE_ARCH = YES;
				SDKROOT = iphoneos;
			};
			name = Debug;
		};
		6A869A021AE7BC2F000BA3ED /* Release */ = {
			isa = XCBuildConfiguration;
			buildSettings = {
				ALWAYS_SEARCH_USER_PATHS = NO;
				CLANG_CXX_LANGUAGE_STANDARD = "gnu++0x";
				CLANG_CXX_LIBRARY = "libc++";
				CLANG_ENABLE_MODULES = YES;
				CLANG_ENABLE_OBJC_ARC = YES;
				CLANG_WARN_BOOL_CONVERSION = YES;
				CLANG_WARN_CONSTANT_CONVERSION = YES;
				CLANG_WARN_DIRECT_OBJC_ISA_USAGE = YES_ERROR;
				CLANG_WARN_EMPTY_BODY = YES;
				CLANG_WARN_ENUM_CONVERSION = YES;
				CLANG_WARN_INT_CONVERSION = YES;
				CLANG_WARN_OBJC_ROOT_CLASS = YES_ERROR;
				CLANG_WARN_UNREACHABLE_CODE = YES;
				CLANG_WARN__DUPLICATE_METHOD_MATCH = YES;
				"CODE_SIGN_IDENTITY[sdk=iphoneos*]" = "iPhone Developer";
				COPY_PHASE_STRIP = YES;
				ENABLE_NS_ASSERTIONS = NO;
				ENABLE_STRICT_OBJC_MSGSEND = YES;
				GCC_C_LANGUAGE_STANDARD = gnu99;
				GCC_WARN_64_TO_32_BIT_CONVERSION = YES;
				GCC_WARN_ABOUT_RETURN_TYPE = YES_ERROR;
				GCC_WARN_UNDECLARED_SELECTOR = YES;
				GCC_WARN_UNINITIALIZED_AUTOS = YES_AGGRESSIVE;
				GCC_WARN_UNUSED_FUNCTION = YES;
				GCC_WARN_UNUSED_VARIABLE = YES;
				IPHONEOS_DEPLOYMENT_TARGET = 8.1;
				MTL_ENABLE_DEBUG_INFO = NO;
				SDKROOT = iphoneos;
				VALIDATE_PRODUCT = YES;
			};
			name = Release;
		};
		6A869A041AE7BC2F000BA3ED /* Debug */ = {
			isa = XCBuildConfiguration;
			baseConfigurationReference = 034269C634FEC8F2B9802FA4 /* Pods-StopIt.debug.xcconfig */;
			buildSettings = {
				ASSETCATALOG_COMPILER_APPICON_NAME = AppIcon;
				ASSETCATALOG_COMPILER_LAUNCHIMAGE_NAME = LaunchImage;
				CODE_SIGN_IDENTITY = "iPhone Distribution: Market Simplified Inc";
				"CODE_SIGN_IDENTITY[sdk=iphoneos*]" = "iPhone Distribution: Market Simplified Inc";
				ENABLE_BITCODE = NO;
				INFOPLIST_FILE = StopIt/Info.plist;
				IPHONEOS_DEPLOYMENT_TARGET = 7.1;
				LD_RUNPATH_SEARCH_PATHS = "$(inherited) @executable_path/Frameworks";
				LIBRARY_SEARCH_PATHS = (
					"$(inherited)",
					"$(PROJECT_DIR)/GoogleAnalytics",
				);
				PRODUCT_NAME = "$(TARGET_NAME)";
				PROVISIONING_PROFILE = "f00535f1-6744-4dcb-be22-2c7e53b0d1be";
				VALID_ARCHS = "arm64 armv7";
			};
			name = Debug;
		};
		6A869A051AE7BC2F000BA3ED /* Release */ = {
			isa = XCBuildConfiguration;
			baseConfigurationReference = 603A13EC7D38ECE79A04D5E8 /* Pods-StopIt.release.xcconfig */;
			buildSettings = {
				ASSETCATALOG_COMPILER_APPICON_NAME = AppIcon;
				ASSETCATALOG_COMPILER_LAUNCHIMAGE_NAME = LaunchImage;
				CODE_SIGN_IDENTITY = "iPhone Distribution: Market Simplified Inc";
				"CODE_SIGN_IDENTITY[sdk=iphoneos*]" = "iPhone Distribution: Market Simplified Inc";
				ENABLE_BITCODE = NO;
				INFOPLIST_FILE = StopIt/Info.plist;
				IPHONEOS_DEPLOYMENT_TARGET = 7.1;
				LD_RUNPATH_SEARCH_PATHS = "$(inherited) @executable_path/Frameworks";
				LIBRARY_SEARCH_PATHS = (
					"$(inherited)",
					"$(PROJECT_DIR)/GoogleAnalytics",
				);
				PRODUCT_NAME = "$(TARGET_NAME)";
				PROVISIONING_PROFILE = "f00535f1-6744-4dcb-be22-2c7e53b0d1be";
				VALID_ARCHS = "arm64 armv7";
			};
			name = Release;
		};
		6A869A071AE7BC2F000BA3ED /* Debug */ = {
			isa = XCBuildConfiguration;
			buildSettings = {
				BUNDLE_LOADER = "$(TEST_HOST)";
				FRAMEWORK_SEARCH_PATHS = (
					"$(SDKROOT)/Developer/Library/Frameworks",
					"$(inherited)",
				);
				GCC_PREPROCESSOR_DEFINITIONS = (
					"DEBUG=1",
					"$(inherited)",
				);
				INFOPLIST_FILE = StopItTests/Info.plist;
				LD_RUNPATH_SEARCH_PATHS = "$(inherited) @executable_path/Frameworks @loader_path/Frameworks";
				PRODUCT_NAME = "$(TARGET_NAME)";
				TEST_HOST = "$(BUILT_PRODUCTS_DIR)/StopIt.app/StopIt";
			};
			name = Debug;
		};
		6A869A081AE7BC2F000BA3ED /* Release */ = {
			isa = XCBuildConfiguration;
			buildSettings = {
				BUNDLE_LOADER = "$(TEST_HOST)";
				FRAMEWORK_SEARCH_PATHS = (
					"$(SDKROOT)/Developer/Library/Frameworks",
					"$(inherited)",
				);
				INFOPLIST_FILE = StopItTests/Info.plist;
				LD_RUNPATH_SEARCH_PATHS = "$(inherited) @executable_path/Frameworks @loader_path/Frameworks";
				PRODUCT_NAME = "$(TARGET_NAME)";
				TEST_HOST = "$(BUILT_PRODUCTS_DIR)/StopIt.app/StopIt";
			};
			name = Release;
		};
/* End XCBuildConfiguration section */

/* Begin XCConfigurationList section */
		6A8699DB1AE7BC2F000BA3ED /* Build configuration list for PBXProject "StopIt" */ = {
			isa = XCConfigurationList;
			buildConfigurations = (
				6A869A011AE7BC2F000BA3ED /* Debug */,
				6A869A021AE7BC2F000BA3ED /* Release */,
			);
			defaultConfigurationIsVisible = 0;
			defaultConfigurationName = Release;
		};
		6A869A031AE7BC2F000BA3ED /* Build configuration list for PBXNativeTarget "StopIt" */ = {
			isa = XCConfigurationList;
			buildConfigurations = (
				6A869A041AE7BC2F000BA3ED /* Debug */,
				6A869A051AE7BC2F000BA3ED /* Release */,
			);
			defaultConfigurationIsVisible = 0;
			defaultConfigurationName = Release;
		};
		6A869A061AE7BC2F000BA3ED /* Build configuration list for PBXNativeTarget "StopItTests" */ = {
			isa = XCConfigurationList;
			buildConfigurations = (
				6A869A071AE7BC2F000BA3ED /* Debug */,
				6A869A081AE7BC2F000BA3ED /* Release */,
			);
			defaultConfigurationIsVisible = 0;
			defaultConfigurationName = Release;
		};
/* End XCConfigurationList section */
	};
	rootObject = 6A8699D81AE7BC2F000BA3ED /* Project object */;
}
