// !$*UTF8*$!
{
	archiveVersion = 1;
	classes = {
	};
	objectVersion = 46;
	objects = {

/* Begin PBXBuildFile section */
		6A8699E61AE7BC2F000BA3ED /* main.m in Sources */ = {isa = PBXBuildFile; fileRef = 6A8699E51AE7BC2F000BA3ED /* main.m */; };
		6A8699E91AE7BC2F000BA3ED /* AppDelegate.m in Sources */ = {isa = PBXBuildFile; fileRef = 6A8699E81AE7BC2F000BA3ED /* AppDelegate.m */; };
		6A8699EC1AE7BC2F000BA3ED /* ViewController.m in Sources */ = {isa = PBXBuildFile; fileRef = 6A8699EB1AE7BC2F000BA3ED /* ViewController.m */; };
		6A8699EF1AE7BC2F000BA3ED /* Main.storyboard in Resources */ = {isa = PBXBuildFile; fileRef = 6A8699ED1AE7BC2F000BA3ED /* Main.storyboard */; };
		6A8699F11AE7BC2F000BA3ED /* Images.xcassets in Resources */ = {isa = PBXBuildFile; fileRef = 6A8699F01AE7BC2F000BA3ED /* Images.xcassets */; };
		6A8699F41AE7BC2F000BA3ED /* LaunchScreen.xib in Resources */ = {isa = PBXBuildFile; fileRef = 6A8699F21AE7BC2F000BA3ED /* LaunchScreen.xib */; };
		6A869A001AE7BC2F000BA3ED /* StopItTests.m in Sources */ = {isa = PBXBuildFile; fileRef = 6A8699FF1AE7BC2F000BA3ED /* StopItTests.m */; };
/* End PBXBuildFile section */

/* Begin PBXContainerItemProxy section */
		6A8699FA1AE7BC2F000BA3ED /* PBXContainerItemProxy */ = {
			isa = PBXContainerItemProxy;
			containerPortal = 6A8699D81AE7BC2F000BA3ED /* Project object */;
			proxyType = 1;
			remoteGlobalIDString = 6A8699DF1AE7BC2F000BA3ED;
			remoteInfo = StopIt;
		};
/* End PBXContainerItemProxy section */

/* Begin PBXFileReference section */
		6A8699E01AE7BC2F000BA3ED /* StopIt.app */ = {isa = PBXFileReference; explicitFileType = wrapper.application; includeInIndex = 0; path = StopIt.app; sourceTree = BUILT_PRODUCTS_DIR; };
		6A8699E41AE7BC2F000BA3ED /* Info.plist */ = {isa = PBXFileReference; lastKnownFileType = text.plist.xml; path = Info.plist; sourceTree = "<group>"; };
		6A8699E51AE7BC2F000BA3ED /* main.m */ = {isa = PBXFileReference; lastKnownFileType = sourcecode.c.objc; path = main.m; sourceTree = "<group>"; };
		6A8699E71AE7BC2F000BA3ED /* AppDelegate.h */ = {isa = PBXFileReference; lastKnownFileType = sourcecode.c.h; path = AppDelegate.h; sourceTree = "<group>"; };
		6A8699E81AE7BC2F000BA3ED /* AppDelegate.m */ = {isa = PBXFileReference; lastKnownFileType = sourcecode.c.objc; path = AppDelegate.m; sourceTree = "<group>"; };
		6A8699EA1AE7BC2F000BA3ED /* ViewController.h */ = {isa = PBXFileReference; lastKnownFileType = sourcecode.c.h; path = ViewController.h; sourceTree = "<group>"; };
		6A8699EB1AE7BC2F000BA3ED /* ViewController.m */ = {isa = PBXFileReference; lastKnownFileType = sourcecode.c.objc; path = ViewController.m; sourceTree = "<group>"; };
		6A8699EE1AE7BC2F000BA3ED /* Base */ = {isa = PBXFileReference; lastKnownFileType = file.storyboard; name = Base; path = Base.lproj/Main.storyboard; sourceTree = "<group>"; };
		6A8699F01AE7BC2F000BA3ED /* Images.xcassets */ = {isa = PBXFileReference; lastKnownFileType = folder.assetcatalog; path = Images.xcassets; sourceTree = "<group>"; };
		6A8699F31AE7BC2F000BA3ED /* Base */ = {isa = PBXFileReference; lastKnownFileType = file.xib; name = Base; path = Base.lproj/LaunchScreen.xib; sourceTree = "<group>"; };
		6A8699F91AE7BC2F000BA3ED /* StopItTests.xctest */ = {isa = PBXFileReference; explicitFileType = wrapper.cfbundle; includeInIndex = 0; path = StopItTests.xctest; sourceTree = BUILT_PRODUCTS_DIR; };
		6A8699FE1AE7BC2F000BA3ED /* Info.plist */ = {isa = PBXFileReference; lastKnownFileType = text.plist.xml; path = Info.plist; sourceTree = "<group>"; };
		6A8699FF1AE7BC2F000BA3ED /* StopItTests.m */ = {isa = PBXFileReference; lastKnownFileType = sourcecode.c.objc; path = StopItTests.m; sourceTree = "<group>"; };
/* End PBXFileReference section */

/* Begin PBXFrameworksBuildPhase section */
		6A8699DD1AE7BC2F000BA3ED /* Frameworks */ = {
			isa = PBXFrameworksBuildPhase;
			buildActionMask = 2147483647;
			files = (
			);
			runOnlyForDeploymentPostprocessing = 0;
		};
		6A8699F61AE7BC2F000BA3ED /* Frameworks */ = {
			isa = PBXFrameworksBuildPhase;
			buildActionMask = 2147483647;
			files = (
			);
			runOnlyForDeploymentPostprocessing = 0;
		};
/* End PBXFrameworksBuildPhase section */

/* Begin PBXGroup section */
		6A8699D71AE7BC2F000BA3ED = {
			isa = PBXGroup;
			children = (
				6A8699E21AE7BC2F000BA3ED /* StopIt */,
				6A8699FC1AE7BC2F000BA3ED /* StopItTests */,
				6A8699E11AE7BC2F000BA3ED /* Products */,
			);
			sourceTree = "<group>";
		};
		6A8699E11AE7BC2F000BA3ED /* Products */ = {
			isa = PBXGroup;
			children = (
				6A8699E01AE7BC2F000BA3ED /* StopIt.app */,
				6A8699F91AE7BC2F000BA3ED /* StopItTests.xctest */,
			);
			name = Products;
			sourceTree = "<group>";
		};
		6A8699E21AE7BC2F000BA3ED /* StopIt */ = {
			isa = PBXGroup;
			children = (
				6A8699E71AE7BC2F000BA3ED /* AppDelegate.h */,
				6A8699E81AE7BC2F000BA3ED /* AppDelegate.m */,
				6A8699EA1AE7BC2F000BA3ED /* ViewController.h */,
				6A8699EB1AE7BC2F000BA3ED /* ViewController.m */,
				6A8699ED1AE7BC2F000BA3ED /* Main.storyboard */,
				6A8699F01AE7BC2F000BA3ED /* Images.xcassets */,
				6A8699F21AE7BC2F000BA3ED /* LaunchScreen.xib */,
				6A8699E31AE7BC2F000BA3ED /* Supporting Files */,
			);
			path = StopIt;
			sourceTree = "<group>";
		};
		6A8699E31AE7BC2F000BA3ED /* Supporting Files */ = {
			isa = PBXGroup;
			children = (
				6A8699E41AE7BC2F000BA3ED /* Info.plist */,
				6A8699E51AE7BC2F000BA3ED /* main.m */,
			);
			name = "Supporting Files";
			sourceTree = "<group>";
		};
		6A8699FC1AE7BC2F000BA3ED /* StopItTests */ = {
			isa = PBXGroup;
			children = (
				6A8699FF1AE7BC2F000BA3ED /* StopItTests.m */,
				6A8699FD1AE7BC2F000BA3ED /* Supporting Files */,
			);
			path = StopItTests;
			sourceTree = "<group>";
		};
		6A8699FD1AE7BC2F000BA3ED /* Supporting Files */ = {
			isa = PBXGroup;
			children = (
				6A8699FE1AE7BC2F000BA3ED /* Info.plist */,
			);
			name = "Supporting Files";
			sourceTree = "<group>";
		};
/* End PBXGroup section */

/* Begin PBXNativeTarget section */
		6A8699DF1AE7BC2F000BA3ED /* StopIt */ = {
			isa = PBXNativeTarget;
			buildConfigurationList = 6A869A031AE7BC2F000BA3ED /* Build configuration list for PBXNativeTarget "StopIt" */;
			buildPhases = (
				6A8699DC1AE7BC2F000BA3ED /* Sources */,
				6A8699DD1AE7BC2F000BA3ED /* Frameworks */,
				6A8699DE1AE7BC2F000BA3ED /* Resources */,
			);
			buildRules = (
			);
			dependencies = (
			);
			name = StopIt;
			productName = StopIt;
			productReference = 6A8699E01AE7BC2F000BA3ED /* StopIt.app */;
			productType = "com.apple.product-type.application";
		};
		6A8699F81AE7BC2F000BA3ED /* StopItTests */ = {
			isa = PBXNativeTarget;
			buildConfigurationList = 6A869A061AE7BC2F000BA3ED /* Build configuration list for PBXNativeTarget "StopItTests" */;
			buildPhases = (
				6A8699F51AE7BC2F000BA3ED /* Sources */,
				6A8699F61AE7BC2F000BA3ED /* Frameworks */,
				6A8699F71AE7BC2F000BA3ED /* Resources */,
			);
			buildRules = (
			);
			dependencies = (
				6A8699FB1AE7BC2F000BA3ED /* PBXTargetDependency */,
			);
			name = StopItTests;
			productName = StopItTests;
			productReference = 6A8699F91AE7BC2F000BA3ED /* StopItTests.xctest */;
			productType = "com.apple.product-type.bundle.unit-test";
		};
/* End PBXNativeTarget section */

/* Begin PBXProject section */
		6A8699D81AE7BC2F000BA3ED /* Project object */ = {
			isa = PBXProject;
			attributes = {
				LastUpgradeCheck = 0610;
				ORGANIZATIONNAME = msf;
				TargetAttributes = {
					6A8699DF1AE7BC2F000BA3ED = {
						CreatedOnToolsVersion = 6.1.1;
						DevelopmentTeam = 5CNN55283J;
					};
					6A8699F81AE7BC2F000BA3ED = {
						CreatedOnToolsVersion = 6.1.1;
						TestTargetID = 6A8699DF1AE7BC2F000BA3ED;
					};
				};
			};
			buildConfigurationList = 6A8699DB1AE7BC2F000BA3ED /* Build configuration list for PBXProject "StopIt" */;
			compatibilityVersion = "Xcode 3.2";
			developmentRegion = English;
			hasScannedForEncodings = 0;
			knownRegions = (
				en,
				Base,
			);
			mainGroup = 6A8699D71AE7BC2F000BA3ED;
			productRefGroup = 6A8699E11AE7BC2F000BA3ED /* Products */;
			projectDirPath = "";
			projectRoot = "";
			targets = (
				6A8699DF1AE7BC2F000BA3ED /* StopIt */,
				6A8699F81AE7BC2F000BA3ED /* StopItTests */,
			);
		};
/* End PBXProject section */

/* Begin PBXResourcesBuildPhase section */
		6A8699DE1AE7BC2F000BA3ED /* Resources */ = {
			isa = PBXResourcesBuildPhase;
			buildActionMask = 2147483647;
			files = (
				6A8699EF1AE7BC2F000BA3ED /* Main.storyboard in Resources */,
				6A8699F41AE7BC2F000BA3ED /* LaunchScreen.xib in Resources */,
				6A8699F11AE7BC2F000BA3ED /* Images.xcassets in Resources */,
			);
			runOnlyForDeploymentPostprocessing = 0;
		};
		6A8699F71AE7BC2F000BA3ED /* Resources */ = {
			isa = PBXResourcesBuildPhase;
			buildActionMask = 2147483647;
			files = (
			);
			runOnlyForDeploymentPostprocessing = 0;
		};
/* End PBXResourcesBuildPhase section */

/* Begin PBXSourcesBuildPhase section */
		6A8699DC1AE7BC2F000BA3ED /* Sources */ = {
			isa = PBXSourcesBuildPhase;
			buildActionMask = 2147483647;
			files = (
				6A8699EC1AE7BC2F000BA3ED /* ViewController.m in Sources */,
				6A8699E91AE7BC2F000BA3ED /* AppDelegate.m in Sources */,
				6A8699E61AE7BC2F000BA3ED /* main.m in Sources */,
			);
			runOnlyForDeploymentPostprocessing = 0;
		};
		6A8699F51AE7BC2F000BA3ED /* Sources */ = {
			isa = PBXSourcesBuildPhase;
			buildActionMask = 2147483647;
			files = (
				6A869A001AE7BC2F000BA3ED /* StopItTests.m in Sources */,
			);
			runOnlyForDeploymentPostprocessing = 0;
		};
/* End PBXSourcesBuildPhase section */

/* Begin PBXTargetDependency section */
		6A8699FB1AE7BC2F000BA3ED /* PBXTargetDependency */ = {
			isa = PBXTargetDependency;
			target = 6A8699DF1AE7BC2F000BA3ED /* StopIt */;
			targetProxy = 6A8699FA1AE7BC2F000BA3ED /* PBXContainerItemProxy */;
		};
/* End PBXTargetDependency section */

/* Begin PBXVariantGroup section */
		6A8699ED1AE7BC2F000BA3ED /* Main.storyboard */ = {
			isa = PBXVariantGroup;
			children = (
				6A8699EE1AE7BC2F000BA3ED /* Base */,
			);
			name = Main.storyboard;
			sourceTree = "<group>";
		};
		6A8699F21AE7BC2F000BA3ED /* LaunchScreen.xib */ = {
			isa = PBXVariantGroup;
			children = (
				6A8699F31AE7BC2F000BA3ED /* Base */,
			);
			name = LaunchScreen.xib;
			sourceTree = "<group>";
		};
/* End PBXVariantGroup section */

/* Begin XCBuildConfiguration section */
		6A869A011AE7BC2F000BA3ED /* Debug */ = {
			isa = XCBuildConfiguration;
			buildSettings = {
				ALWAYS_SEARCH_USER_PATHS = NO;
				CLANG_CXX_LANGUAGE_STANDARD = "gnu++0x";
				CLANG_CXX_LIBRARY = "libc++";
				CLANG_ENABLE_MODULES = YES;
				CLANG_ENABLE_OBJC_ARC = YES;
				CLANG_WARN_BOOL_CONVERSION = YES;
				CLANG_WARN_CONSTANT_CONVERSION = YES;
				CLANG_WARN_DIRECT_OBJC_ISA_USAGE = YES_ERROR;
				CLANG_WARN_EMPTY_BODY = YES;
				CLANG_WARN_ENUM_CONVERSION = YES;
				CLANG_WARN_INT_CONVERSION = YES;
				CLANG_WARN_OBJC_ROOT_CLASS = YES_ERROR;
				CLANG_WARN_UNREACHABLE_CODE = YES;
				CLANG_WARN__DUPLICATE_METHOD_MATCH = YES;
				"CODE_SIGN_IDENTITY[sdk=iphoneos*]" = "iPhone Developer";
				COPY_PHASE_STRIP = NO;
				ENABLE_STRICT_OBJC_MSGSEND = YES;
				GCC_C_LANGUAGE_STANDARD = gnu99;
				GCC_DYNAMIC_NO_PIC = NO;
				GCC_OPTIMIZATION_LEVEL = 0;
				GCC_PREPROCESSOR_DEFINITIONS = (
					"DEBUG=1",
					"$(inherited)",
				);
				GCC_SYMBOLS_PRIVATE_EXTERN = NO;
				GCC_WARN_64_TO_32_BIT_CONVERSION = YES;
				GCC_WARN_ABOUT_RETURN_TYPE = YES_ERROR;
				GCC_WARN_UNDECLARED_SELECTOR = YES;
				GCC_WARN_UNINITIALIZED_AUTOS = YES_AGGRESSIVE;
				GCC_WARN_UNUSED_FUNCTION = YES;
				GCC_WARN_UNUSED_VARIABLE = YES;
				IPHONEOS_DEPLOYMENT_TARGET = 8.1;
				MTL_ENABLE_DEBUG_INFO = YES;
				ONLY_ACTIVE_ARCH = YES;
				SDKROOT = iphoneos;
			};
			name = Debug;
		};
		6A869A021AE7BC2F000BA3ED /* Release */ = {
			isa = XCBuildConfiguration;
			buildSettings = {
				ALWAYS_SEARCH_USER_PATHS = NO;
				CLANG_CXX_LANGUAGE_STANDARD = "gnu++0x";
				CLANG_CXX_LIBRARY = "libc++";
				CLANG_ENABLE_MODULES = YES;
				CLANG_ENABLE_OBJC_ARC = YES;
				CLANG_WARN_BOOL_CONVERSION = YES;
				CLANG_WARN_CONSTANT_CONVERSION = YES;
				CLANG_WARN_DIRECT_OBJC_ISA_USAGE = YES_ERROR;
				CLANG_WARN_EMPTY_BODY = YES;
				CLANG_WARN_ENUM_CONVERSION = YES;
				CLANG_WARN_INT_CONVERSION = YES;
				CLANG_WARN_OBJC_ROOT_CLASS = YES_ERROR;
				CLANG_WARN_UNREACHABLE_CODE = YES;
				CLANG_WARN__DUPLICATE_METHOD_MATCH = YES;
				"CODE_SIGN_IDENTITY[sdk=iphoneos*]" = "iPhone Developer";
				COPY_PHASE_STRIP = YES;
				ENABLE_NS_ASSERTIONS = NO;
				ENABLE_STRICT_OBJC_MSGSEND = YES;
				GCC_C_LANGUAGE_STANDARD = gnu99;
				GCC_WARN_64_TO_32_BIT_CONVERSION = YES;
				GCC_WARN_ABOUT_RETURN_TYPE = YES_ERROR;
				GCC_WARN_UNDECLARED_SELECTOR = YES;
				GCC_WARN_UNINITIALIZED_AUTOS = YES_AGGRESSIVE;
				GCC_WARN_UNUSED_FUNCTION = YES;
				GCC_WARN_UNUSED_VARIABLE = YES;
				IPHONEOS_DEPLOYMENT_TARGET = 8.1;
				MTL_ENABLE_DEBUG_INFO = NO;
				SDKROOT = iphoneos;
				VALIDATE_PRODUCT = YES;
			};
			name = Release;
		};
		6A869A041AE7BC2F000BA3ED /* Debug */ = {
			isa = XCBuildConfiguration;
			buildSettings = {
				ASSETCATALOG_COMPILER_APPICON_NAME = AppIcon;
				CODE_SIGN_IDENTITY = "";
				"CODE_SIGN_IDENTITY[sdk=iphoneos*]" = "";
				INFOPLIST_FILE = StopIt/Info.plist;
				IPHONEOS_DEPLOYMENT_TARGET = 7.0;
				LD_RUNPATH_SEARCH_PATHS = "$(inherited) @executable_path/Frameworks";
				PRODUCT_NAME = "$(TARGET_NAME)";
				PROVISIONING_PROFILE = "a481ca68-ac16-408d-ba08-d415f6a77b59";
			};
			name = Debug;
		};
		6A869A051AE7BC2F000BA3ED /* Release */ = {
			isa = XCBuildConfiguration;
			buildSettings = {
				ASSETCATALOG_COMPILER_APPICON_NAME = AppIcon;
				CODE_SIGN_IDENTITY = "";
				"CODE_SIGN_IDENTITY[sdk=iphoneos*]" = "";
				INFOPLIST_FILE = StopIt/Info.plist;
				IPHONEOS_DEPLOYMENT_TARGET = 7.0;
				LD_RUNPATH_SEARCH_PATHS = "$(inherited) @executable_path/Frameworks";
				PRODUCT_NAME = "$(TARGET_NAME)";
				PROVISIONING_PROFILE = "a481ca68-ac16-408d-ba08-d415f6a77b59";
			};
			name = Release;
		};
		6A869A071AE7BC2F000BA3ED /* Debug */ = {
			isa = XCBuildConfiguration;
			buildSettings = {
				BUNDLE_LOADER = "$(TEST_HOST)";
				FRAMEWORK_SEARCH_PATHS = (
					"$(SDKROOT)/Developer/Library/Frameworks",
					"$(inherited)",
				);
				GCC_PREPROCESSOR_DEFINITIONS = (
					"DEBUG=1",
					"$(inherited)",
				);
				INFOPLIST_FILE = StopItTests/Info.plist;
				LD_RUNPATH_SEARCH_PATHS = "$(inherited) @executable_path/Frameworks @loader_path/Frameworks";
				PRODUCT_NAME = "$(TARGET_NAME)";
				TEST_HOST = "$(BUILT_PRODUCTS_DIR)/StopIt.app/StopIt";
			};
			name = Debug;
		};
		6A869A081AE7BC2F000BA3ED /* Release */ = {
			isa = XCBuildConfiguration;
			buildSettings = {
				BUNDLE_LOADER = "$(TEST_HOST)";
				FRAMEWORK_SEARCH_PATHS = (
					"$(SDKROOT)/Developer/Library/Frameworks",
					"$(inherited)",
				);
				INFOPLIST_FILE = StopItTests/Info.plist;
				LD_RUNPATH_SEARCH_PATHS = "$(inherited) @executable_path/Frameworks @loader_path/Frameworks";
				PRODUCT_NAME = "$(TARGET_NAME)";
				TEST_HOST = "$(BUILT_PRODUCTS_DIR)/StopIt.app/StopIt";
			};
			name = Release;
		};
/* End XCBuildConfiguration section */

/* Begin XCConfigurationList section */
		6A8699DB1AE7BC2F000BA3ED /* Build configuration list for PBXProject "StopIt" */ = {
			isa = XCConfigurationList;
			buildConfigurations = (
				6A869A011AE7BC2F000BA3ED /* Debug */,
				6A869A021AE7BC2F000BA3ED /* Release */,
			);
			defaultConfigurationIsVisible = 0;
			defaultConfigurationName = Release;
		};
		6A869A031AE7BC2F000BA3ED /* Build configuration list for PBXNativeTarget "StopIt" */ = {
			isa = XCConfigurationList;
			buildConfigurations = (
				6A869A041AE7BC2F000BA3ED /* Debug */,
				6A869A051AE7BC2F000BA3ED /* Release */,
			);
			defaultConfigurationIsVisible = 0;
			defaultConfigurationName = Release;
		};
		6A869A061AE7BC2F000BA3ED /* Build configuration list for PBXNativeTarget "StopItTests" */ = {
			isa = XCConfigurationList;
			buildConfigurations = (
				6A869A071AE7BC2F000BA3ED /* Debug */,
				6A869A081AE7BC2F000BA3ED /* Release */,
			);
			defaultConfigurationIsVisible = 0;
			defaultConfigurationName = Release;
		};
/* End XCConfigurationList section */
	};
	rootObject = 6A8699D81AE7BC2F000BA3ED /* Project object */;
}
